
Microsoft Visual Studio Solution File, Format Version 9.00
# Visual Studio 2005
Project("{FAE04EC0-301F-11D3-BF4B-00C04F79EFBC}") = "MIMEParseConsole", "MIMEParseConsole\MIMEParseConsole.csproj", "{6FBEAE7F-5B70-4315-8D21-F5C49D1283EE}"
EndProject
Global
	GlobalSection(SolutionConfigurationPlatforms) = preSolution
		Debug|Any CPU = Debug|Any CPU
		Release|Any CPU = Release|Any CPU
	EndGlobalSection
	GlobalSection(ProjectConfigurationPlatforms) = postSolution
		{6FBEAE7F-5B70-4315-8D21-F5C49D1283EE}.Debug|Any CPU.ActiveCfg = Debug|Any CPU
		{6FBEAE7F-5B70-4315-8D21-F5C49D1283EE}.Debug|Any CPU.Build.0 = Debug|Any CPU
		{6FBEAE7F-5B70-4315-8D21-F5C49D1283EE}.Release|Any CPU.ActiveCfg = Release|Any CPU
		{6FBEAE7F-5B70-4315-8D21-F5C49D1283EE}.Release|Any CPU.Build.0 = Release|Any CPU
	EndGlobalSection
	GlobalSection(SolutionProperties) = preSolution
		HideSolutionNode = FALSE
	EndGlobalSection
EndGlobal
